
Microsoft Visual Studio Solution File, Format Version 12.00
# Visual Studio Version 17
VisualStudioVersion = 17.0.32126.317
MinimumVisualStudioVersion = 10.0.40219.1
Project("{FAE04EC0-301F-11D3-BF4B-00C04F79EFBC}") = "Monads", "Monads\Monads.csproj", "{A820C34F-163E-4424-BAF2-949869F8894A}"
EndProject
Global
	GlobalSection(SolutionConfigurationPlatforms) = preSolution
		Debug|Any CPU = Debug|Any CPU
		Release|Any CPU = Release|Any CPU
	EndGlobalSection
	GlobalSection(ProjectConfigurationPlatforms) = postSolution
		{A820C34F-163E-4424-BAF2-949869F8894A}.Debug|Any CPU.ActiveCfg = Debug|Any CPU
		{A820C34F-163E-4424-BAF2-949869F8894A}.Debug|Any CPU.Build.0 = Debug|Any CPU
		{A820C34F-163E-4424-BAF2-949869F8894A}.Release|Any CPU.ActiveCfg = Release|Any CPU
		{A820C34F-163E-4424-BAF2-949869F8894A}.Release|Any CPU.Build.0 = Release|Any CPU
	EndGlobalSection
	GlobalSection(SolutionProperties) = preSolution
		HideSolutionNode = FALSE
	EndGlobalSection
	GlobalSection(ExtensibilityGlobals) = postSolution
		SolutionGuid = {D8BAFB64-EF99-4E16-AF0A-E4DAA5DABAAE}
	EndGlobalSection
EndGlobal
